// !$*UTF8*$!
{
	archiveVersion = 1;
	classes = {
	};
	objectVersion = 77;
	objects = {

/* Begin PBXBuildFile section */
		96217DB72CECF5CB00DE5CEE /* ChatListItemView.swift in Sources */ = {isa = PBXBuildFile; fileRef = 96217DB62CECF5CB00DE5CEE /* ChatListItemView.swift */; };
		96217DB92CECF5F300DE5CEE /* ChatList.swift in Sources */ = {isa = PBXBuildFile; fileRef = 96217DB82CECF5F300DE5CEE /* ChatList.swift */; };
		96217DBB2CECF72A00DE5CEE /* ChatListView.swift in Sources */ = {isa = PBXBuildFile; fileRef = 96217DBA2CECF72A00DE5CEE /* ChatListView.swift */; };
		96217DBF2CECFC5B00DE5CEE /* ChatDTO.swift in Sources */ = {isa = PBXBuildFile; fileRef = 96217DBE2CECFC1500DE5CEE /* ChatDTO.swift */; };
		96217DC12CED03C000DE5CEE /* ChatAIOption.swift in Sources */ = {isa = PBXBuildFile; fileRef = 96217DC02CED03C000DE5CEE /* ChatAIOption.swift */; };
		96374E0A2CDB024E0056F95B /* SwiftAI in Frameworks */ = {isa = PBXBuildFile; productRef = 96374E092CDB024E0056F95B /* SwiftAI */; };
		966DC0B12CD6F69D0017BF1E /* Preview Assets.xcassets in Resources */ = {isa = PBXBuildFile; fileRef = 966DC0AA2CD6F69D0017BF1E /* Preview Assets.xcassets */; };
		966DC0B22CD6F69D0017BF1E /* Assets.xcassets in Resources */ = {isa = PBXBuildFile; fileRef = 966DC0AE2CD6F69D0017BF1E /* Assets.xcassets */; };
		966DC0B32CD6F69D0017BF1E /* AIOSApp.swift in Sources */ = {isa = PBXBuildFile; fileRef = 966DC0AD2CD6F69D0017BF1E /* AIOSApp.swift */; };
		966DC0B42CD6F69D0017BF1E /* AIOSAppView.swift in Sources */ = {isa = PBXBuildFile; fileRef = 966DC0AF2CD6F69D0017BF1E /* AIOSAppView.swift */; };
		966DC0B82CD70C670017BF1E /* SwiftAI in Frameworks */ = {isa = PBXBuildFile; productRef = 966DC0B72CD70C670017BF1E /* SwiftAI */; };
		966DC0BD2CD7D9930017BF1E /* Chat.swift in Sources */ = {isa = PBXBuildFile; fileRef = 966DC0BC2CD7D9930017BF1E /* Chat.swift */; };
		966DC0BF2CD7D9CD0017BF1E /* MessageView.swift in Sources */ = {isa = PBXBuildFile; fileRef = 966DC0BE2CD7D9CD0017BF1E /* MessageView.swift */; };
		966DC0C12CD7DA130017BF1E /* ChatView.swift in Sources */ = {isa = PBXBuildFile; fileRef = 966DC0C02CD7DA130017BF1E /* ChatView.swift */; };
		966FA13A2CD8CAEA00DF8C36 /* Colors.swift in Sources */ = {isa = PBXBuildFile; fileRef = 966FA1392CD8CAE700DF8C36 /* Colors.swift */; };
		96A5259C2CDE73E800FB43C1 /* MockChatAI.swift in Sources */ = {isa = PBXBuildFile; fileRef = 96A5259B2CDE73E800FB43C1 /* MockChatAI.swift */; };
		96A5259E2CDE764F00FB43C1 /* Clipboard.swift in Sources */ = {isa = PBXBuildFile; fileRef = 96A5259D2CDE764F00FB43C1 /* Clipboard.swift */; };
		96A525A22CDE773800FB43C1 /* AIOSColors.swift in Sources */ = {isa = PBXBuildFile; fileRef = 96A525A12CDE772F00FB43C1 /* AIOSColors.swift */; };
		96A525A42CDE94EB00FB43C1 /* APIKeySettingsView.swift in Sources */ = {isa = PBXBuildFile; fileRef = 96A525A32CDE94E000FB43C1 /* APIKeySettingsView.swift */; };
		96A57EB82CEBBDF7007C6819 /* FileService.swift in Sources */ = {isa = PBXBuildFile; fileRef = 96A57EB72CEBBDE2007C6819 /* FileService.swift */; };
		96BCC0C02CE04472006D930A /* APIKeys.swift in Sources */ = {isa = PBXBuildFile; fileRef = 96BCC0BF2CE04472006D930A /* APIKeys.swift */; };
		96BD3A992CDD88FA00878431 /* InputView.swift in Sources */ = {isa = PBXBuildFile; fileRef = 96BD3A982CDD88FA00878431 /* InputView.swift */; };
		96FD33F12CD824E30076BD4D /* SwiftAI in Frameworks */ = {isa = PBXBuildFile; productRef = 96FD33F02CD824E30076BD4D /* SwiftAI */; };
		96FD33F42CD8252B0076BD4D /* SwiftAI in Frameworks */ = {isa = PBXBuildFile; productRef = 96FD33F32CD8252B0076BD4D /* SwiftAI */; };
/* End PBXBuildFile section */

/* Begin PBXContainerItemProxy section */
		966CA7002CD6F5AE008DE67D /* PBXContainerItemProxy */ = {
			isa = PBXContainerItemProxy;
			containerPortal = 966CA6E62CD6F5AD008DE67D /* Project object */;
			proxyType = 1;
			remoteGlobalIDString = 966CA6ED2CD6F5AD008DE67D;
			remoteInfo = aiOS;
		};
		966CA70A2CD6F5AE008DE67D /* PBXContainerItemProxy */ = {
			isa = PBXContainerItemProxy;
			containerPortal = 966CA6E62CD6F5AD008DE67D /* Project object */;
			proxyType = 1;
			remoteGlobalIDString = 966CA6ED2CD6F5AD008DE67D;
			remoteInfo = aiOS;
		};
/* End PBXContainerItemProxy section */

/* Begin PBXFileReference section */
		96217DB62CECF5CB00DE5CEE /* ChatListItemView.swift */ = {isa = PBXFileReference; lastKnownFileType = sourcecode.swift; path = ChatListItemView.swift; sourceTree = "<group>"; };
		96217DB82CECF5F300DE5CEE /* ChatList.swift */ = {isa = PBXFileReference; lastKnownFileType = sourcecode.swift; path = ChatList.swift; sourceTree = "<group>"; };
		96217DBA2CECF72A00DE5CEE /* ChatListView.swift */ = {isa = PBXFileReference; lastKnownFileType = sourcecode.swift; path = ChatListView.swift; sourceTree = "<group>"; };
		96217DBE2CECFC1500DE5CEE /* ChatDTO.swift */ = {isa = PBXFileReference; lastKnownFileType = sourcecode.swift; path = ChatDTO.swift; sourceTree = "<group>"; };
		96217DC02CED03C000DE5CEE /* ChatAIOption.swift */ = {isa = PBXFileReference; lastKnownFileType = sourcecode.swift; path = ChatAIOption.swift; sourceTree = "<group>"; };
		966CA6EE2CD6F5AD008DE67D /* aiOS.app */ = {isa = PBXFileReference; explicitFileType = wrapper.application; includeInIndex = 0; path = aiOS.app; sourceTree = BUILT_PRODUCTS_DIR; };
		966CA6FF2CD6F5AE008DE67D /* aiOSTests.xctest */ = {isa = PBXFileReference; explicitFileType = wrapper.cfbundle; includeInIndex = 0; path = aiOSTests.xctest; sourceTree = BUILT_PRODUCTS_DIR; };
		966CA7092CD6F5AE008DE67D /* aiOSUITests.xctest */ = {isa = PBXFileReference; explicitFileType = wrapper.cfbundle; includeInIndex = 0; path = aiOSUITests.xctest; sourceTree = BUILT_PRODUCTS_DIR; };
		966DC0AA2CD6F69D0017BF1E /* Preview Assets.xcassets */ = {isa = PBXFileReference; lastKnownFileType = folder.assetcatalog; path = "Preview Assets.xcassets"; sourceTree = "<group>"; };
		966DC0AC2CD6F69D0017BF1E /* aiOS.entitlements */ = {isa = PBXFileReference; lastKnownFileType = text.plist.entitlements; path = aiOS.entitlements; sourceTree = "<group>"; };
		966DC0AD2CD6F69D0017BF1E /* AIOSApp.swift */ = {isa = PBXFileReference; lastKnownFileType = sourcecode.swift; path = AIOSApp.swift; sourceTree = "<group>"; };
		966DC0AE2CD6F69D0017BF1E /* Assets.xcassets */ = {isa = PBXFileReference; lastKnownFileType = folder.assetcatalog; path = Assets.xcassets; sourceTree = "<group>"; };
		966DC0AF2CD6F69D0017BF1E /* AIOSAppView.swift */ = {isa = PBXFileReference; lastKnownFileType = sourcecode.swift; path = AIOSAppView.swift; sourceTree = "<group>"; };
		966DC0BC2CD7D9930017BF1E /* Chat.swift */ = {isa = PBXFileReference; lastKnownFileType = sourcecode.swift; path = Chat.swift; sourceTree = "<group>"; };
		966DC0BE2CD7D9CD0017BF1E /* MessageView.swift */ = {isa = PBXFileReference; lastKnownFileType = sourcecode.swift; path = MessageView.swift; sourceTree = "<group>"; };
		966DC0C02CD7DA130017BF1E /* ChatView.swift */ = {isa = PBXFileReference; lastKnownFileType = sourcecode.swift; path = ChatView.swift; sourceTree = "<group>"; };
		966FA1392CD8CAE700DF8C36 /* Colors.swift */ = {isa = PBXFileReference; lastKnownFileType = sourcecode.swift; path = Colors.swift; sourceTree = "<group>"; };
		96A5259B2CDE73E800FB43C1 /* MockChatAI.swift */ = {isa = PBXFileReference; lastKnownFileType = sourcecode.swift; path = MockChatAI.swift; sourceTree = "<group>"; };
		96A5259D2CDE764F00FB43C1 /* Clipboard.swift */ = {isa = PBXFileReference; lastKnownFileType = sourcecode.swift; path = Clipboard.swift; sourceTree = "<group>"; };
		96A525A12CDE772F00FB43C1 /* AIOSColors.swift */ = {isa = PBXFileReference; lastKnownFileType = sourcecode.swift; path = AIOSColors.swift; sourceTree = "<group>"; };
		96A525A32CDE94E000FB43C1 /* APIKeySettingsView.swift */ = {isa = PBXFileReference; lastKnownFileType = sourcecode.swift; path = APIKeySettingsView.swift; sourceTree = "<group>"; };
		96A57EB72CEBBDE2007C6819 /* FileService.swift */ = {isa = PBXFileReference; lastKnownFileType = sourcecode.swift; path = FileService.swift; sourceTree = "<group>"; };
		96BCC0BF2CE04472006D930A /* APIKeys.swift */ = {isa = PBXFileReference; lastKnownFileType = sourcecode.swift; path = APIKeys.swift; sourceTree = "<group>"; };
		96BD3A982CDD88FA00878431 /* InputView.swift */ = {isa = PBXFileReference; lastKnownFileType = sourcecode.swift; path = InputView.swift; sourceTree = "<group>"; };
/* End PBXFileReference section */

/* Begin PBXFileSystemSynchronizedRootGroup section */
		966CA7022CD6F5AE008DE67D /* aiOSTests */ = {
			isa = PBXFileSystemSynchronizedRootGroup;
			path = aiOSTests;
			sourceTree = "<group>";
		};
		966CA70C2CD6F5AE008DE67D /* aiOSUITests */ = {
			isa = PBXFileSystemSynchronizedRootGroup;
			path = aiOSUITests;
			sourceTree = "<group>";
		};
/* End PBXFileSystemSynchronizedRootGroup section */

/* Begin PBXFrameworksBuildPhase section */
		966CA6EB2CD6F5AD008DE67D /* Frameworks */ = {
			isa = PBXFrameworksBuildPhase;
			buildActionMask = 2147483647;
			files = (
				96FD33F42CD8252B0076BD4D /* SwiftAI in Frameworks */,
				96FD33F12CD824E30076BD4D /* SwiftAI in Frameworks */,
				96374E0A2CDB024E0056F95B /* SwiftAI in Frameworks */,
				966DC0B82CD70C670017BF1E /* SwiftAI in Frameworks */,
			);
			runOnlyForDeploymentPostprocessing = 0;
		};
		966CA6FC2CD6F5AE008DE67D /* Frameworks */ = {
			isa = PBXFrameworksBuildPhase;
			buildActionMask = 2147483647;
			files = (
			);
			runOnlyForDeploymentPostprocessing = 0;
		};
		966CA7062CD6F5AE008DE67D /* Frameworks */ = {
			isa = PBXFrameworksBuildPhase;
			buildActionMask = 2147483647;
			files = (
			);
			runOnlyForDeploymentPostprocessing = 0;
		};
/* End PBXFrameworksBuildPhase section */

/* Begin PBXGroup section */
		96217DBC2CECF73C00DE5CEE /* App */ = {
			isa = PBXGroup;
			children = (
				966DC0AD2CD6F69D0017BF1E /* AIOSApp.swift */,
				966DC0AF2CD6F69D0017BF1E /* AIOSAppView.swift */,
				96A525A32CDE94E000FB43C1 /* APIKeySettingsView.swift */,
			);
			path = App;
			sourceTree = "<group>";
		};
		96217DBD2CECF74700DE5CEE /* Chat List */ = {
			isa = PBXGroup;
			children = (
				96217DBA2CECF72A00DE5CEE /* ChatListView.swift */,
				96217DB62CECF5CB00DE5CEE /* ChatListItemView.swift */,
				96217DB82CECF5F300DE5CEE /* ChatList.swift */,
			);
			path = "Chat List";
			sourceTree = "<group>";
		};
		966CA6E52CD6F5AD008DE67D = {
			isa = PBXGroup;
			children = (
				966DC0B02CD6F69D0017BF1E /* aiOS */,
				966CA7022CD6F5AE008DE67D /* aiOSTests */,
				966CA70C2CD6F5AE008DE67D /* aiOSUITests */,
				966CA6EF2CD6F5AD008DE67D /* Products */,
			);
			sourceTree = "<group>";
		};
		966CA6EF2CD6F5AD008DE67D /* Products */ = {
			isa = PBXGroup;
			children = (
				966CA6EE2CD6F5AD008DE67D /* aiOS.app */,
				966CA6FF2CD6F5AE008DE67D /* aiOSTests.xctest */,
				966CA7092CD6F5AE008DE67D /* aiOSUITests.xctest */,
			);
			name = Products;
			sourceTree = "<group>";
		};
		966DC0AB2CD6F69D0017BF1E /* Preview Content */ = {
			isa = PBXGroup;
			children = (
				966DC0AA2CD6F69D0017BF1E /* Preview Assets.xcassets */,
			);
			path = "Preview Content";
			sourceTree = "<group>";
		};
		966DC0B02CD6F69D0017BF1E /* aiOS */ = {
			isa = PBXGroup;
			children = (
				966DC0B52CD6F6A20017BF1E /* Code */,
				966DC0AB2CD6F69D0017BF1E /* Preview Content */,
				966DC0AC2CD6F69D0017BF1E /* aiOS.entitlements */,
				966DC0AE2CD6F69D0017BF1E /* Assets.xcassets */,
			);
			path = aiOS;
			sourceTree = "<group>";
		};
		966DC0B52CD6F6A20017BF1E /* Code */ = {
			isa = PBXGroup;
			children = (
				96217DBC2CECF73C00DE5CEE /* App */,
				96217DBD2CECF74700DE5CEE /* Chat List */,
				96A525A02CDE76D000FB43C1 /* Chat */,
				96BCC0BF2CE04472006D930A /* APIKeys.swift */,
				96A525A12CDE772F00FB43C1 /* AIOSColors.swift */,
				96A57EB72CEBBDE2007C6819 /* FileService.swift */,
				96A5259F2CDE767C00FB43C1 /* Package Candidates */,
			);
			path = Code;
			sourceTree = "<group>";
		};
		967F28D82CDFAFBC00032F86 /* SwiftUIToolz */ = {
			isa = PBXGroup;
			children = (
				966FA1392CD8CAE700DF8C36 /* Colors.swift */,
				96A5259D2CDE764F00FB43C1 /* Clipboard.swift */,
			);
			path = SwiftUIToolz;
			sourceTree = "<group>";
		};
		96A5259F2CDE767C00FB43C1 /* Package Candidates */ = {
			isa = PBXGroup;
			children = (
				967F28D82CDFAFBC00032F86 /* SwiftUIToolz */,
			);
			path = "Package Candidates";
			sourceTree = "<group>";
		};
		96A525A02CDE76D000FB43C1 /* Chat */ = {
			isa = PBXGroup;
			children = (
				966DC0C02CD7DA130017BF1E /* ChatView.swift */,
				966DC0BE2CD7D9CD0017BF1E /* MessageView.swift */,
				96BD3A982CDD88FA00878431 /* InputView.swift */,
				966DC0BC2CD7D9930017BF1E /* Chat.swift */,
				96217DBE2CECFC1500DE5CEE /* ChatDTO.swift */,
				96217DC02CED03C000DE5CEE /* ChatAIOption.swift */,
				96A5259B2CDE73E800FB43C1 /* MockChatAI.swift */,
			);
			path = Chat;
			sourceTree = "<group>";
		};
/* End PBXGroup section */

/* Begin PBXNativeTarget section */
		966CA6ED2CD6F5AD008DE67D /* aiOS */ = {
			isa = PBXNativeTarget;
			buildConfigurationList = 966CA7132CD6F5AE008DE67D /* Build configuration list for PBXNativeTarget "aiOS" */;
			buildPhases = (
				966CA6EA2CD6F5AD008DE67D /* Sources */,
				966CA6EB2CD6F5AD008DE67D /* Frameworks */,
				966CA6EC2CD6F5AD008DE67D /* Resources */,
			);
			buildRules = (
			);
			dependencies = (
			);
			name = aiOS;
			packageProductDependencies = (
				966DC0B72CD70C670017BF1E /* SwiftAI */,
				96FD33F02CD824E30076BD4D /* SwiftAI */,
				96FD33F32CD8252B0076BD4D /* SwiftAI */,
				96374E092CDB024E0056F95B /* SwiftAI */,
			);
			productName = aiOS;
			productReference = 966CA6EE2CD6F5AD008DE67D /* aiOS.app */;
			productType = "com.apple.product-type.application";
		};
		966CA6FE2CD6F5AE008DE67D /* aiOSTests */ = {
			isa = PBXNativeTarget;
			buildConfigurationList = 966CA7162CD6F5AE008DE67D /* Build configuration list for PBXNativeTarget "aiOSTests" */;
			buildPhases = (
				966CA6FB2CD6F5AE008DE67D /* Sources */,
				966CA6FC2CD6F5AE008DE67D /* Frameworks */,
				966CA6FD2CD6F5AE008DE67D /* Resources */,
			);
			buildRules = (
			);
			dependencies = (
				966CA7012CD6F5AE008DE67D /* PBXTargetDependency */,
			);
			fileSystemSynchronizedGroups = (
				966CA7022CD6F5AE008DE67D /* aiOSTests */,
			);
			name = aiOSTests;
			packageProductDependencies = (
			);
			productName = aiOSTests;
			productReference = 966CA6FF2CD6F5AE008DE67D /* aiOSTests.xctest */;
			productType = "com.apple.product-type.bundle.unit-test";
		};
		966CA7082CD6F5AE008DE67D /* aiOSUITests */ = {
			isa = PBXNativeTarget;
			buildConfigurationList = 966CA7192CD6F5AE008DE67D /* Build configuration list for PBXNativeTarget "aiOSUITests" */;
			buildPhases = (
				966CA7052CD6F5AE008DE67D /* Sources */,
				966CA7062CD6F5AE008DE67D /* Frameworks */,
				966CA7072CD6F5AE008DE67D /* Resources */,
			);
			buildRules = (
			);
			dependencies = (
				966CA70B2CD6F5AE008DE67D /* PBXTargetDependency */,
			);
			fileSystemSynchronizedGroups = (
				966CA70C2CD6F5AE008DE67D /* aiOSUITests */,
			);
			name = aiOSUITests;
			packageProductDependencies = (
			);
			productName = aiOSUITests;
			productReference = 966CA7092CD6F5AE008DE67D /* aiOSUITests.xctest */;
			productType = "com.apple.product-type.bundle.ui-testing";
		};
/* End PBXNativeTarget section */

/* Begin PBXProject section */
		966CA6E62CD6F5AD008DE67D /* Project object */ = {
			isa = PBXProject;
			attributes = {
				BuildIndependentTargetsInParallel = 1;
				LastSwiftUpdateCheck = 1600;
				LastUpgradeCheck = 1600;
				TargetAttributes = {
					966CA6ED2CD6F5AD008DE67D = {
						CreatedOnToolsVersion = 16.0;
					};
					966CA6FE2CD6F5AE008DE67D = {
						CreatedOnToolsVersion = 16.0;
						TestTargetID = 966CA6ED2CD6F5AD008DE67D;
					};
					966CA7082CD6F5AE008DE67D = {
						CreatedOnToolsVersion = 16.0;
						TestTargetID = 966CA6ED2CD6F5AD008DE67D;
					};
				};
			};
			buildConfigurationList = 966CA6E92CD6F5AD008DE67D /* Build configuration list for PBXProject "aiOS" */;
			developmentRegion = en;
			hasScannedForEncodings = 0;
			knownRegions = (
				en,
				Base,
			);
			mainGroup = 966CA6E52CD6F5AD008DE67D;
			minimizedProjectReferenceProxies = 1;
			packageReferences = (
				96374E082CDB024E0056F95B /* XCLocalSwiftPackageReference "../../SwiftAI" */,
			);
			preferredProjectObjectVersion = 77;
			productRefGroup = 966CA6EF2CD6F5AD008DE67D /* Products */;
			projectDirPath = "";
			projectRoot = "";
			targets = (
				966CA6ED2CD6F5AD008DE67D /* aiOS */,
				966CA6FE2CD6F5AE008DE67D /* aiOSTests */,
				966CA7082CD6F5AE008DE67D /* aiOSUITests */,
			);
		};
/* End PBXProject section */

/* Begin PBXResourcesBuildPhase section */
		966CA6EC2CD6F5AD008DE67D /* Resources */ = {
			isa = PBXResourcesBuildPhase;
			buildActionMask = 2147483647;
			files = (
				966DC0B12CD6F69D0017BF1E /* Preview Assets.xcassets in Resources */,
				966DC0B22CD6F69D0017BF1E /* Assets.xcassets in Resources */,
			);
			runOnlyForDeploymentPostprocessing = 0;
		};
		966CA6FD2CD6F5AE008DE67D /* Resources */ = {
			isa = PBXResourcesBuildPhase;
			buildActionMask = 2147483647;
			files = (
			);
			runOnlyForDeploymentPostprocessing = 0;
		};
		966CA7072CD6F5AE008DE67D /* Resources */ = {
			isa = PBXResourcesBuildPhase;
			buildActionMask = 2147483647;
			files = (
			);
			runOnlyForDeploymentPostprocessing = 0;
		};
/* End PBXResourcesBuildPhase section */

/* Begin PBXSourcesBuildPhase section */
		966CA6EA2CD6F5AD008DE67D /* Sources */ = {
			isa = PBXSourcesBuildPhase;
			buildActionMask = 2147483647;
			files = (
				96217DB92CECF5F300DE5CEE /* ChatList.swift in Sources */,
				96A525A42CDE94EB00FB43C1 /* APIKeySettingsView.swift in Sources */,
				966DC0BD2CD7D9930017BF1E /* Chat.swift in Sources */,
				966FA13A2CD8CAEA00DF8C36 /* Colors.swift in Sources */,
				96217DC12CED03C000DE5CEE /* ChatAIOption.swift in Sources */,
				96217DBB2CECF72A00DE5CEE /* ChatListView.swift in Sources */,
				96217DB72CECF5CB00DE5CEE /* ChatListItemView.swift in Sources */,
				966DC0C12CD7DA130017BF1E /* ChatView.swift in Sources */,
				96A5259C2CDE73E800FB43C1 /* MockChatAI.swift in Sources */,
				966DC0B32CD6F69D0017BF1E /* AIOSApp.swift in Sources */,
				966DC0B42CD6F69D0017BF1E /* AIOSAppView.swift in Sources */,
				96A5259E2CDE764F00FB43C1 /* Clipboard.swift in Sources */,
				96BD3A992CDD88FA00878431 /* InputView.swift in Sources */,
				966DC0BF2CD7D9CD0017BF1E /* MessageView.swift in Sources */,
				96A525A22CDE773800FB43C1 /* AIOSColors.swift in Sources */,
				96217DBF2CECFC5B00DE5CEE /* ChatDTO.swift in Sources */,
				96A57EB82CEBBDF7007C6819 /* FileService.swift in Sources */,
				96BCC0C02CE04472006D930A /* APIKeys.swift in Sources */,
			);
			runOnlyForDeploymentPostprocessing = 0;
		};
		966CA6FB2CD6F5AE008DE67D /* Sources */ = {
			isa = PBXSourcesBuildPhase;
			buildActionMask = 2147483647;
			files = (
			);
			runOnlyForDeploymentPostprocessing = 0;
		};
		966CA7052CD6F5AE008DE67D /* Sources */ = {
			isa = PBXSourcesBuildPhase;
			buildActionMask = 2147483647;
			files = (
			);
			runOnlyForDeploymentPostprocessing = 0;
		};
/* End PBXSourcesBuildPhase section */

/* Begin PBXTargetDependency section */
		966CA7012CD6F5AE008DE67D /* PBXTargetDependency */ = {
			isa = PBXTargetDependency;
			target = 966CA6ED2CD6F5AD008DE67D /* aiOS */;
			targetProxy = 966CA7002CD6F5AE008DE67D /* PBXContainerItemProxy */;
		};
		966CA70B2CD6F5AE008DE67D /* PBXTargetDependency */ = {
			isa = PBXTargetDependency;
			target = 966CA6ED2CD6F5AD008DE67D /* aiOS */;
			targetProxy = 966CA70A2CD6F5AE008DE67D /* PBXContainerItemProxy */;
		};
/* End PBXTargetDependency section */

/* Begin XCBuildConfiguration section */
		966CA7112CD6F5AE008DE67D /* Debug */ = {
			isa = XCBuildConfiguration;
			buildSettings = {
				ALWAYS_SEARCH_USER_PATHS = NO;
				ASSETCATALOG_COMPILER_GENERATE_SWIFT_ASSET_SYMBOL_EXTENSIONS = YES;
				CLANG_ANALYZER_NONNULL = YES;
				CLANG_ANALYZER_NUMBER_OBJECT_CONVERSION = YES_AGGRESSIVE;
				CLANG_CXX_LANGUAGE_STANDARD = "gnu++20";
				CLANG_ENABLE_MODULES = YES;
				CLANG_ENABLE_OBJC_ARC = YES;
				CLANG_ENABLE_OBJC_WEAK = YES;
				CLANG_WARN_BLOCK_CAPTURE_AUTORELEASING = YES;
				CLANG_WARN_BOOL_CONVERSION = YES;
				CLANG_WARN_COMMA = YES;
				CLANG_WARN_CONSTANT_CONVERSION = YES;
				CLANG_WARN_DEPRECATED_OBJC_IMPLEMENTATIONS = YES;
				CLANG_WARN_DIRECT_OBJC_ISA_USAGE = YES_ERROR;
				CLANG_WARN_DOCUMENTATION_COMMENTS = YES;
				CLANG_WARN_EMPTY_BODY = YES;
				CLANG_WARN_ENUM_CONVERSION = YES;
				CLANG_WARN_INFINITE_RECURSION = YES;
				CLANG_WARN_INT_CONVERSION = YES;
				CLANG_WARN_NON_LITERAL_NULL_CONVERSION = YES;
				CLANG_WARN_OBJC_IMPLICIT_RETAIN_SELF = YES;
				CLANG_WARN_OBJC_LITERAL_CONVERSION = YES;
				CLANG_WARN_OBJC_ROOT_CLASS = YES_ERROR;
				CLANG_WARN_QUOTED_INCLUDE_IN_FRAMEWORK_HEADER = YES;
				CLANG_WARN_RANGE_LOOP_ANALYSIS = YES;
				CLANG_WARN_STRICT_PROTOTYPES = YES;
				CLANG_WARN_SUSPICIOUS_MOVE = YES;
				CLANG_WARN_UNGUARDED_AVAILABILITY = YES_AGGRESSIVE;
				CLANG_WARN_UNREACHABLE_CODE = YES;
				CLANG_WARN__DUPLICATE_METHOD_MATCH = YES;
				COPY_PHASE_STRIP = NO;
				DEBUG_INFORMATION_FORMAT = dwarf;
				ENABLE_STRICT_OBJC_MSGSEND = YES;
				ENABLE_TESTABILITY = YES;
				ENABLE_USER_SCRIPT_SANDBOXING = YES;
				GCC_C_LANGUAGE_STANDARD = gnu17;
				GCC_DYNAMIC_NO_PIC = NO;
				GCC_NO_COMMON_BLOCKS = YES;
				GCC_OPTIMIZATION_LEVEL = 0;
				GCC_PREPROCESSOR_DEFINITIONS = (
					"DEBUG=1",
					"$(inherited)",
				);
				GCC_WARN_64_TO_32_BIT_CONVERSION = YES;
				GCC_WARN_ABOUT_RETURN_TYPE = YES_ERROR;
				GCC_WARN_UNDECLARED_SELECTOR = YES;
				GCC_WARN_UNINITIALIZED_AUTOS = YES_AGGRESSIVE;
				GCC_WARN_UNUSED_FUNCTION = YES;
				GCC_WARN_UNUSED_VARIABLE = YES;
				LOCALIZATION_PREFERS_STRING_CATALOGS = YES;
				MTL_ENABLE_DEBUG_INFO = INCLUDE_SOURCE;
				MTL_FAST_MATH = YES;
				ONLY_ACTIVE_ARCH = YES;
				SWIFT_ACTIVE_COMPILATION_CONDITIONS = "DEBUG $(inherited)";
				SWIFT_OPTIMIZATION_LEVEL = "-Onone";
			};
			name = Debug;
		};
		966CA7122CD6F5AE008DE67D /* Release */ = {
			isa = XCBuildConfiguration;
			buildSettings = {
				ALWAYS_SEARCH_USER_PATHS = NO;
				ASSETCATALOG_COMPILER_GENERATE_SWIFT_ASSET_SYMBOL_EXTENSIONS = YES;
				CLANG_ANALYZER_NONNULL = YES;
				CLANG_ANALYZER_NUMBER_OBJECT_CONVERSION = YES_AGGRESSIVE;
				CLANG_CXX_LANGUAGE_STANDARD = "gnu++20";
				CLANG_ENABLE_MODULES = YES;
				CLANG_ENABLE_OBJC_ARC = YES;
				CLANG_ENABLE_OBJC_WEAK = YES;
				CLANG_WARN_BLOCK_CAPTURE_AUTORELEASING = YES;
				CLANG_WARN_BOOL_CONVERSION = YES;
				CLANG_WARN_COMMA = YES;
				CLANG_WARN_CONSTANT_CONVERSION = YES;
				CLANG_WARN_DEPRECATED_OBJC_IMPLEMENTATIONS = YES;
				CLANG_WARN_DIRECT_OBJC_ISA_USAGE = YES_ERROR;
				CLANG_WARN_DOCUMENTATION_COMMENTS = YES;
				CLANG_WARN_EMPTY_BODY = YES;
				CLANG_WARN_ENUM_CONVERSION = YES;
				CLANG_WARN_INFINITE_RECURSION = YES;
				CLANG_WARN_INT_CONVERSION = YES;
				CLANG_WARN_NON_LITERAL_NULL_CONVERSION = YES;
				CLANG_WARN_OBJC_IMPLICIT_RETAIN_SELF = YES;
				CLANG_WARN_OBJC_LITERAL_CONVERSION = YES;
				CLANG_WARN_OBJC_ROOT_CLASS = YES_ERROR;
				CLANG_WARN_QUOTED_INCLUDE_IN_FRAMEWORK_HEADER = YES;
				CLANG_WARN_RANGE_LOOP_ANALYSIS = YES;
				CLANG_WARN_STRICT_PROTOTYPES = YES;
				CLANG_WARN_SUSPICIOUS_MOVE = YES;
				CLANG_WARN_UNGUARDED_AVAILABILITY = YES_AGGRESSIVE;
				CLANG_WARN_UNREACHABLE_CODE = YES;
				CLANG_WARN__DUPLICATE_METHOD_MATCH = YES;
				COPY_PHASE_STRIP = NO;
				DEBUG_INFORMATION_FORMAT = "dwarf-with-dsym";
				ENABLE_NS_ASSERTIONS = NO;
				ENABLE_STRICT_OBJC_MSGSEND = YES;
				ENABLE_USER_SCRIPT_SANDBOXING = YES;
				GCC_C_LANGUAGE_STANDARD = gnu17;
				GCC_NO_COMMON_BLOCKS = YES;
				GCC_WARN_64_TO_32_BIT_CONVERSION = YES;
				GCC_WARN_ABOUT_RETURN_TYPE = YES_ERROR;
				GCC_WARN_UNDECLARED_SELECTOR = YES;
				GCC_WARN_UNINITIALIZED_AUTOS = YES_AGGRESSIVE;
				GCC_WARN_UNUSED_FUNCTION = YES;
				GCC_WARN_UNUSED_VARIABLE = YES;
				LOCALIZATION_PREFERS_STRING_CATALOGS = YES;
				MTL_ENABLE_DEBUG_INFO = NO;
				MTL_FAST_MATH = YES;
				SWIFT_COMPILATION_MODE = wholemodule;
			};
			name = Release;
		};
		966CA7142CD6F5AE008DE67D /* Debug */ = {
			isa = XCBuildConfiguration;
			buildSettings = {
				ASSETCATALOG_COMPILER_APPICON_NAME = AppIcon;
				ASSETCATALOG_COMPILER_GLOBAL_ACCENT_COLOR_NAME = AccentColor;
				CODE_SIGN_ENTITLEMENTS = aiOS/aiOS.entitlements;
				CODE_SIGN_IDENTITY = "Apple Development";
				CODE_SIGN_STYLE = Automatic;
				CURRENT_PROJECT_VERSION = 1;
				DEVELOPMENT_ASSET_PATHS = "\"aiOS/Preview Content\"";
				DEVELOPMENT_TEAM = 8T3R57GCBV;
				ENABLE_HARDENED_RUNTIME = YES;
				ENABLE_PREVIEWS = YES;
				GENERATE_INFOPLIST_FILE = YES;
				"INFOPLIST_KEY_UIApplicationSceneManifest_Generation[sdk=iphoneos*]" = YES;
				"INFOPLIST_KEY_UIApplicationSceneManifest_Generation[sdk=iphonesimulator*]" = YES;
				"INFOPLIST_KEY_UIApplicationSupportsIndirectInputEvents[sdk=iphoneos*]" = YES;
				"INFOPLIST_KEY_UIApplicationSupportsIndirectInputEvents[sdk=iphonesimulator*]" = YES;
				"INFOPLIST_KEY_UILaunchScreen_Generation[sdk=iphoneos*]" = YES;
				"INFOPLIST_KEY_UILaunchScreen_Generation[sdk=iphonesimulator*]" = YES;
				"INFOPLIST_KEY_UIStatusBarStyle[sdk=iphoneos*]" = UIStatusBarStyleDefault;
				"INFOPLIST_KEY_UIStatusBarStyle[sdk=iphonesimulator*]" = UIStatusBarStyleDefault;
				INFOPLIST_KEY_UISupportedInterfaceOrientations_iPad = "UIInterfaceOrientationPortrait UIInterfaceOrientationPortraitUpsideDown UIInterfaceOrientationLandscapeLeft UIInterfaceOrientationLandscapeRight";
				INFOPLIST_KEY_UISupportedInterfaceOrientations_iPhone = "UIInterfaceOrientationPortrait UIInterfaceOrientationLandscapeLeft UIInterfaceOrientationLandscapeRight";
				IPHONEOS_DEPLOYMENT_TARGET = 18.0;
				LD_RUNPATH_SEARCH_PATHS = "@executable_path/Frameworks";
				"LD_RUNPATH_SEARCH_PATHS[sdk=macosx*]" = "@executable_path/../Frameworks";
				MACOSX_DEPLOYMENT_TARGET = 14.7;
				MARKETING_VERSION = 1.0;
				PRODUCT_BUNDLE_IDENTIFIER = io.codeface.aiOS;
				PRODUCT_NAME = "$(TARGET_NAME)";
				PROVISIONING_PROFILE_SPECIFIER = "";
				SDKROOT = auto;
				SUPPORTED_PLATFORMS = "iphoneos iphonesimulator macosx xros xrsimulator";
				SWIFT_EMIT_LOC_STRINGS = YES;
				SWIFT_VERSION = 5.0;
				TARGETED_DEVICE_FAMILY = "1,2,7";
				XROS_DEPLOYMENT_TARGET = 2.0;
			};
			name = Debug;
		};
		966CA7152CD6F5AE008DE67D /* Release */ = {
			isa = XCBuildConfiguration;
			buildSettings = {
				ASSETCATALOG_COMPILER_APPICON_NAME = AppIcon;
				ASSETCATALOG_COMPILER_GLOBAL_ACCENT_COLOR_NAME = AccentColor;
				CODE_SIGN_ENTITLEMENTS = aiOS/aiOS.entitlements;
				CODE_SIGN_IDENTITY = "Apple Development";
				CODE_SIGN_STYLE = Automatic;
				CURRENT_PROJECT_VERSION = 1;
				DEVELOPMENT_ASSET_PATHS = "\"aiOS/Preview Content\"";
				DEVELOPMENT_TEAM = 8T3R57GCBV;
				ENABLE_HARDENED_RUNTIME = YES;
				ENABLE_PREVIEWS = YES;
				GENERATE_INFOPLIST_FILE = YES;
				"INFOPLIST_KEY_UIApplicationSceneManifest_Generation[sdk=iphoneos*]" = YES;
				"INFOPLIST_KEY_UIApplicationSceneManifest_Generation[sdk=iphonesimulator*]" = YES;
				"INFOPLIST_KEY_UIApplicationSupportsIndirectInputEvents[sdk=iphoneos*]" = YES;
				"INFOPLIST_KEY_UIApplicationSupportsIndirectInputEvents[sdk=iphonesimulator*]" = YES;
				"INFOPLIST_KEY_UILaunchScreen_Generation[sdk=iphoneos*]" = YES;
				"INFOPLIST_KEY_UILaunchScreen_Generation[sdk=iphonesimulator*]" = YES;
				"INFOPLIST_KEY_UIStatusBarStyle[sdk=iphoneos*]" = UIStatusBarStyleDefault;
				"INFOPLIST_KEY_UIStatusBarStyle[sdk=iphonesimulator*]" = UIStatusBarStyleDefault;
				INFOPLIST_KEY_UISupportedInterfaceOrientations_iPad = "UIInterfaceOrientationPortrait UIInterfaceOrientationPortraitUpsideDown UIInterfaceOrientationLandscapeLeft UIInterfaceOrientationLandscapeRight";
				INFOPLIST_KEY_UISupportedInterfaceOrientations_iPhone = "UIInterfaceOrientationPortrait UIInterfaceOrientationLandscapeLeft UIInterfaceOrientationLandscapeRight";
				IPHONEOS_DEPLOYMENT_TARGET = 18.0;
				LD_RUNPATH_SEARCH_PATHS = "@executable_path/Frameworks";
				"LD_RUNPATH_SEARCH_PATHS[sdk=macosx*]" = "@executable_path/../Frameworks";
				MACOSX_DEPLOYMENT_TARGET = 14.7;
				MARKETING_VERSION = 1.0;
				PRODUCT_BUNDLE_IDENTIFIER = io.codeface.aiOS;
				PRODUCT_NAME = "$(TARGET_NAME)";
				PROVISIONING_PROFILE_SPECIFIER = "";
				SDKROOT = auto;
				SUPPORTED_PLATFORMS = "iphoneos iphonesimulator macosx xros xrsimulator";
				SWIFT_EMIT_LOC_STRINGS = YES;
				SWIFT_VERSION = 5.0;
				TARGETED_DEVICE_FAMILY = "1,2,7";
				XROS_DEPLOYMENT_TARGET = 2.0;
			};
			name = Release;
		};
		966CA7172CD6F5AE008DE67D /* Debug */ = {
			isa = XCBuildConfiguration;
			buildSettings = {
				BUNDLE_LOADER = "$(TEST_HOST)";
				CODE_SIGN_STYLE = Automatic;
				CURRENT_PROJECT_VERSION = 1;
				DEVELOPMENT_TEAM = 8DXAAZGZ3A;
				GENERATE_INFOPLIST_FILE = YES;
				IPHONEOS_DEPLOYMENT_TARGET = 18.0;
				MACOSX_DEPLOYMENT_TARGET = 14.7;
				MARKETING_VERSION = 1.0;
				PRODUCT_BUNDLE_IDENTIFIER = io.codeface.aiOSTests;
				PRODUCT_NAME = "$(TARGET_NAME)";
				SDKROOT = auto;
				SUPPORTED_PLATFORMS = "iphoneos iphonesimulator macosx xros xrsimulator";
				SWIFT_EMIT_LOC_STRINGS = NO;
				SWIFT_VERSION = 5.0;
				TARGETED_DEVICE_FAMILY = "1,2,7";
				TEST_HOST = "$(BUILT_PRODUCTS_DIR)/aiOS.app/$(BUNDLE_EXECUTABLE_FOLDER_PATH)/aiOS";
				XROS_DEPLOYMENT_TARGET = 2.0;
			};
			name = Debug;
		};
		966CA7182CD6F5AE008DE67D /* Release */ = {
			isa = XCBuildConfiguration;
			buildSettings = {
				BUNDLE_LOADER = "$(TEST_HOST)";
				CODE_SIGN_STYLE = Automatic;
				CURRENT_PROJECT_VERSION = 1;
				DEVELOPMENT_TEAM = 8DXAAZGZ3A;
				GENERATE_INFOPLIST_FILE = YES;
				IPHONEOS_DEPLOYMENT_TARGET = 18.0;
				MACOSX_DEPLOYMENT_TARGET = 14.7;
				MARKETING_VERSION = 1.0;
				PRODUCT_BUNDLE_IDENTIFIER = io.codeface.aiOSTests;
				PRODUCT_NAME = "$(TARGET_NAME)";
				SDKROOT = auto;
				SUPPORTED_PLATFORMS = "iphoneos iphonesimulator macosx xros xrsimulator";
				SWIFT_EMIT_LOC_STRINGS = NO;
				SWIFT_VERSION = 5.0;
				TARGETED_DEVICE_FAMILY = "1,2,7";
				TEST_HOST = "$(BUILT_PRODUCTS_DIR)/aiOS.app/$(BUNDLE_EXECUTABLE_FOLDER_PATH)/aiOS";
				XROS_DEPLOYMENT_TARGET = 2.0;
			};
			name = Release;
		};
		966CA71A2CD6F5AE008DE67D /* Debug */ = {
			isa = XCBuildConfiguration;
			buildSettings = {
				CODE_SIGN_STYLE = Automatic;
				CURRENT_PROJECT_VERSION = 1;
				DEVELOPMENT_TEAM = 8DXAAZGZ3A;
				GENERATE_INFOPLIST_FILE = YES;
				IPHONEOS_DEPLOYMENT_TARGET = 18.0;
				MACOSX_DEPLOYMENT_TARGET = 14.7;
				MARKETING_VERSION = 1.0;
				PRODUCT_BUNDLE_IDENTIFIER = io.codeface.aiOSUITests;
				PRODUCT_NAME = "$(TARGET_NAME)";
				SDKROOT = auto;
				SUPPORTED_PLATFORMS = "iphoneos iphonesimulator macosx xros xrsimulator";
				SWIFT_EMIT_LOC_STRINGS = NO;
				SWIFT_VERSION = 5.0;
				TARGETED_DEVICE_FAMILY = "1,2,7";
				TEST_TARGET_NAME = aiOS;
				XROS_DEPLOYMENT_TARGET = 2.0;
			};
			name = Debug;
		};
		966CA71B2CD6F5AE008DE67D /* Release */ = {
			isa = XCBuildConfiguration;
			buildSettings = {
				CODE_SIGN_STYLE = Automatic;
				CURRENT_PROJECT_VERSION = 1;
				DEVELOPMENT_TEAM = 8DXAAZGZ3A;
				GENERATE_INFOPLIST_FILE = YES;
				IPHONEOS_DEPLOYMENT_TARGET = 18.0;
				MACOSX_DEPLOYMENT_TARGET = 14.7;
				MARKETING_VERSION = 1.0;
				PRODUCT_BUNDLE_IDENTIFIER = io.codeface.aiOSUITests;
				PRODUCT_NAME = "$(TARGET_NAME)";
				SDKROOT = auto;
				SUPPORTED_PLATFORMS = "iphoneos iphonesimulator macosx xros xrsimulator";
				SWIFT_EMIT_LOC_STRINGS = NO;
				SWIFT_VERSION = 5.0;
				TARGETED_DEVICE_FAMILY = "1,2,7";
				TEST_TARGET_NAME = aiOS;
				XROS_DEPLOYMENT_TARGET = 2.0;
			};
			name = Release;
		};
/* End XCBuildConfiguration section */

/* Begin XCConfigurationList section */
		966CA6E92CD6F5AD008DE67D /* Build configuration list for PBXProject "aiOS" */ = {
			isa = XCConfigurationList;
			buildConfigurations = (
				966CA7112CD6F5AE008DE67D /* Debug */,
				966CA7122CD6F5AE008DE67D /* Release */,
			);
			defaultConfigurationIsVisible = 0;
			defaultConfigurationName = Release;
		};
		966CA7132CD6F5AE008DE67D /* Build configuration list for PBXNativeTarget "aiOS" */ = {
			isa = XCConfigurationList;
			buildConfigurations = (
				966CA7142CD6F5AE008DE67D /* Debug */,
				966CA7152CD6F5AE008DE67D /* Release */,
			);
			defaultConfigurationIsVisible = 0;
			defaultConfigurationName = Release;
		};
		966CA7162CD6F5AE008DE67D /* Build configuration list for PBXNativeTarget "aiOSTests" */ = {
			isa = XCConfigurationList;
			buildConfigurations = (
				966CA7172CD6F5AE008DE67D /* Debug */,
				966CA7182CD6F5AE008DE67D /* Release */,
			);
			defaultConfigurationIsVisible = 0;
			defaultConfigurationName = Release;
		};
		966CA7192CD6F5AE008DE67D /* Build configuration list for PBXNativeTarget "aiOSUITests" */ = {
			isa = XCConfigurationList;
			buildConfigurations = (
				966CA71A2CD6F5AE008DE67D /* Debug */,
				966CA71B2CD6F5AE008DE67D /* Release */,
			);
			defaultConfigurationIsVisible = 0;
			defaultConfigurationName = Release;
		};
/* End XCConfigurationList section */

/* Begin XCLocalSwiftPackageReference section */
		96374E082CDB024E0056F95B /* XCLocalSwiftPackageReference "../../SwiftAI" */ = {
			isa = XCLocalSwiftPackageReference;
			relativePath = ../../SwiftAI;
		};
/* End XCLocalSwiftPackageReference section */

/* Begin XCSwiftPackageProductDependency section */
		96374E092CDB024E0056F95B /* SwiftAI */ = {
			isa = XCSwiftPackageProductDependency;
			productName = SwiftAI;
		};
		966DC0B72CD70C670017BF1E /* SwiftAI */ = {
			isa = XCSwiftPackageProductDependency;
			productName = SwiftAI;
		};
		96FD33F02CD824E30076BD4D /* SwiftAI */ = {
			isa = XCSwiftPackageProductDependency;
			productName = SwiftAI;
		};
		96FD33F32CD8252B0076BD4D /* SwiftAI */ = {
			isa = XCSwiftPackageProductDependency;
			productName = SwiftAI;
		};
/* End XCSwiftPackageProductDependency section */
	};
	rootObject = 966CA6E62CD6F5AD008DE67D /* Project object */;
}
