{
  "originHash" : "53a74353299c330bace2da266a2fcf87cabc347c807e8dcc4d3fc8a6c45d5f78",
  "pins" : [
    {
      "identity" : "foundationtoolz",
      "kind" : "remoteSourceControl",
      "location" : "https://github.com/flowtoolz/FoundationToolz.git",
      "state" : {
        "revision" : "f3f6ae9f1382b06896685eed76a286c11672075b",
        "version" : "0.5.6"
      }
    },
    {
      "identity" : "swiftytoolz",
      "kind" : "remoteSourceControl",
      "location" : "https://github.com/flowtoolz/SwiftyToolz.git",
      "state" : {
        "revision" : "853b315434a1908d71eb0ee6c1489b9f0da3ef1d",
        "version" : "0.5.4"
      }
    }
  ],
  "version" : 3
}
